
Microsoft Visual Studio Solution File, Format Version 12.00
# Visual Studio 15
VisualStudioVersion = 15.0.27703.2000
MinimumVisualStudioVersion = 10.0.40219.1
Project("{FAE04EC0-301F-11D3-BF4B-00C04F79EFBC}") = "SegurosApp", "SegurosApp\SegurosApp.csproj", "{3DCDA634-2787-4675-A0A5-5ADE991B0C74}"
EndProject
Project("{FAE04EC0-301F-11D3-BF4B-00C04F79EFBC}") = "SegurosApp.Tests", "SegurosApp.Tests\SegurosApp.Tests.csproj", "{F52175F4-FB4E-432C-A051-0E19D5A969BB}"
EndProject
Global
	GlobalSection(SolutionConfigurationPlatforms) = preSolution
		Debug|Any CPU = Debug|Any CPU
		Release|Any CPU = Release|Any CPU
	EndGlobalSection
	GlobalSection(ProjectConfigurationPlatforms) = postSolution
		{3DCDA634-2787-4675-A0A5-5ADE991B0C74}.Debug|Any CPU.ActiveCfg = Debug|Any CPU
		{3DCDA634-2787-4675-A0A5-5ADE991B0C74}.Debug|Any CPU.Build.0 = Debug|Any CPU
		{3DCDA634-2787-4675-A0A5-5ADE991B0C74}.Release|Any CPU.ActiveCfg = Release|Any CPU
		{3DCDA634-2787-4675-A0A5-5ADE991B0C74}.Release|Any CPU.Build.0 = Release|Any CPU
		{F52175F4-FB4E-432C-A051-0E19D5A969BB}.Debug|Any CPU.ActiveCfg = Debug|Any CPU
		{F52175F4-FB4E-432C-A051-0E19D5A969BB}.Debug|Any CPU.Build.0 = Debug|Any CPU
		{F52175F4-FB4E-432C-A051-0E19D5A969BB}.Release|Any CPU.ActiveCfg = Release|Any CPU
		{F52175F4-FB4E-432C-A051-0E19D5A969BB}.Release|Any CPU.Build.0 = Release|Any CPU
	EndGlobalSection
	GlobalSection(SolutionProperties) = preSolution
		HideSolutionNode = FALSE
	EndGlobalSection
	GlobalSection(ExtensibilityGlobals) = postSolution
		SolutionGuid = {72B43F0B-E673-49C9-AEA3-055867B7D6BA}
	EndGlobalSection
EndGlobal
